
Microsoft Visual Studio Solution File, Format Version 12.00
# Visual Studio Version 17
VisualStudioVersion = 17.4.33205.214
MinimumVisualStudioVersion = 10.0.40219.1
Project("{FAE04EC0-301F-11D3-BF4B-00C04F79EFBC}") = "Zad2", "Zad2\Zad2.csproj", "{0287217C-4F8E-46F4-9640-D3C7A57D5A24}"
EndProject
Global
	GlobalSection(SolutionConfigurationPlatforms) = preSolution
		Debug|Any CPU = Debug|Any CPU
		Release|Any CPU = Release|Any CPU
	EndGlobalSection
	GlobalSection(ProjectConfigurationPlatforms) = postSolution
		{0287217C-4F8E-46F4-9640-D3C7A57D5A24}.Debug|Any CPU.ActiveCfg = Debug|Any CPU
		{0287217C-4F8E-46F4-9640-D3C7A57D5A24}.Debug|Any CPU.Build.0 = Debug|Any CPU
		{0287217C-4F8E-46F4-9640-D3C7A57D5A24}.Release|Any CPU.ActiveCfg = Release|Any CPU
		{0287217C-4F8E-46F4-9640-D3C7A57D5A24}.Release|Any CPU.Build.0 = Release|Any CPU
	EndGlobalSection
	GlobalSection(SolutionProperties) = preSolution
		HideSolutionNode = FALSE
	EndGlobalSection
	GlobalSection(ExtensibilityGlobals) = postSolution
		SolutionGuid = {F2041FBA-433A-4CEF-B299-C1221395C144}
	EndGlobalSection
EndGlobal
