
Microsoft Visual Studio Solution File, Format Version 12.00
# Visual Studio Version 17
VisualStudioVersion = 17.4.33205.214
MinimumVisualStudioVersion = 10.0.40219.1
Project("{FAE04EC0-301F-11D3-BF4B-00C04F79EFBC}") = "suic_grabulab2", "suic_grabulab2\suic_grabulab2.csproj", "{F3B15156-25AF-46B5-BD6F-ECDCBFEF32C5}"
EndProject
Global
	GlobalSection(SolutionConfigurationPlatforms) = preSolution
		Debug|Any CPU = Debug|Any CPU
		Release|Any CPU = Release|Any CPU
	EndGlobalSection
	GlobalSection(ProjectConfigurationPlatforms) = postSolution
		{F3B15156-25AF-46B5-BD6F-ECDCBFEF32C5}.Debug|Any CPU.ActiveCfg = Debug|Any CPU
		{F3B15156-25AF-46B5-BD6F-ECDCBFEF32C5}.Debug|Any CPU.Build.0 = Debug|Any CPU
		{F3B15156-25AF-46B5-BD6F-ECDCBFEF32C5}.Release|Any CPU.ActiveCfg = Release|Any CPU
		{F3B15156-25AF-46B5-BD6F-ECDCBFEF32C5}.Release|Any CPU.Build.0 = Release|Any CPU
	EndGlobalSection
	GlobalSection(SolutionProperties) = preSolution
		HideSolutionNode = FALSE
	EndGlobalSection
	GlobalSection(ExtensibilityGlobals) = postSolution
		SolutionGuid = {7A5FDDA4-9BE5-4D1F-9296-765722E09E66}
	EndGlobalSection
EndGlobal
